schema: '2.0'
stages:
  data_ingestion:
    cmd: python src/deepClassifier/pipeline/stage_01_data_ingestion.py
    deps:
    - path: configs/config.yaml
      md5: d9ad4118458e9c135ebe9650888c50ff
      size: 797
    - path: src/deepClassifier/pipeline/stage_01_data_ingestion.py
      md5: 09416665fe11ab0a6c41b85e59de8c15
      size: 697
    outs:
    - path: artifacts/data_ingestion/PetImages
      md5: 3a5cf86541f22c236620ce5b952ad684.dir
      size: 848866410
      nfiles: 24998
